
Microsoft Visual Studio Solution File, Format Version 12.00
# Visual Studio 2013
VisualStudioVersion = 12.0.30501.0
MinimumVisualStudioVersion = 10.0.40219.1
Project("{F184B08F-C81C-45F6-A57F-5ABD9991F28F}") = "testplayer", "testplayer\testplayer.vbproj", "{D7C88BFD-A9C6-4219-AC4E-4A2B19E684EC}"
EndProject
Project("{F184B08F-C81C-45F6-A57F-5ABD9991F28F}") = "asyncSockets", "asyncSockets\asyncSockets.vbproj", "{9D33AB67-0AE2-455D-AA86-67D9AFD34AE1}"
EndProject
Global
	GlobalSection(SolutionConfigurationPlatforms) = preSolution
		Debug|Any CPU = Debug|Any CPU
		Release|Any CPU = Release|Any CPU
	EndGlobalSection
	GlobalSection(ProjectConfigurationPlatforms) = postSolution
		{D7C88BFD-A9C6-4219-AC4E-4A2B19E684EC}.Debug|Any CPU.ActiveCfg = Debug|Any CPU
		{D7C88BFD-A9C6-4219-AC4E-4A2B19E684EC}.Debug|Any CPU.Build.0 = Debug|Any CPU
		{D7C88BFD-A9C6-4219-AC4E-4A2B19E684EC}.Release|Any CPU.ActiveCfg = Release|Any CPU
		{D7C88BFD-A9C6-4219-AC4E-4A2B19E684EC}.Release|Any CPU.Build.0 = Release|Any CPU
		{9D33AB67-0AE2-455D-AA86-67D9AFD34AE1}.Debug|Any CPU.ActiveCfg = Debug|Any CPU
		{9D33AB67-0AE2-455D-AA86-67D9AFD34AE1}.Debug|Any CPU.Build.0 = Debug|Any CPU
		{9D33AB67-0AE2-455D-AA86-67D9AFD34AE1}.Release|Any CPU.ActiveCfg = Release|Any CPU
		{9D33AB67-0AE2-455D-AA86-67D9AFD34AE1}.Release|Any CPU.Build.0 = Release|Any CPU
	EndGlobalSection
	GlobalSection(SolutionProperties) = preSolution
		HideSolutionNode = FALSE
	EndGlobalSection
EndGlobal
